PODS:
  - MJRefresh (3.1.0)
  - MMDrawerController (0.6.0):
    - MMDrawerController/Core (= 0.6.0)
    - MMDrawerController/MMDrawerBarButtonItem (= 0.6.0)
    - MMDrawerController/MMDrawerVisualStates (= 0.6.0)
    - MMDrawerController/Subclass (= 0.6.0)
  - MMDrawerController/Core (0.6.0)
  - MMDrawerController/MMDrawerBarButtonItem (0.6.0):
    - MMDrawerController/Core
  - MMDrawerController/MMDrawerVisualStates (0.6.0):
    - MMDrawerController/Core
  - MMDrawerController/Subclass (0.6.0):
    - MMDrawerController/Core
  - SDCycleScrollView (1.64):
    - SDWebImage (~> 3.7)
  - SDWebImage (3.7.6):
    - SDWebImage/Core (= 3.7.6)
  - SDWebImage/Core (3.7.6)

DEPENDENCIES:
  - MJRefresh (~> 3.1.0)
  - MMDrawerController (~> 0.6.0)
  - SDCycleScrollView (~> 1.64)
  - SDWebImage (~> 3.7.6)

SPEC CHECKSUMS:
  MJRefresh: 743e6404967d1c2c688472ea3ecfde247d872db4
  MMDrawerController: e3a54a5570388463ad3b36975251575b50c4e1a0
  SDCycleScrollView: 806fedb9342ab03b58b84442f985517b42c7cbb7
  SDWebImage: c325cf02c30337336b95beff20a13df489ec0ec9

PODFILE CHECKSUM: 4de258cefe94aa168077043ec1296db97cb9566d

COCOAPODS: 1.0.0
